{
  "originHash" : "d9a8b3c4e5f6789012345678901234567890abcd",
  "pins" : [
    {
      "identity" : "supabase-swift",
      "kind" : "remoteSourceControl",
      "location" : "https://github.com/supabase/supabase-swift.git",
      "state" : {
        "revision" : "2.0.0",
        "version" : "2.0.0"
      }
    }
  ],
  "version" : 3
}
